// !$*UTF8*$!
{
	archiveVersion = 1;
	classes = {
	};
	objectVersion = 46;
	objects = {

/* Begin PBXBuildFile section */
		445EDAF6206768C400D062E1 /* MainMenu.cpp in Sources */ = {isa = PBXBuildFile; fileRef = 445EDAF4206768C400D062E1 /* MainMenu.cpp */; };
		445EDAF92067692500D062E1 /* Loader.cpp in Sources */ = {isa = PBXBuildFile; fileRef = 445EDAF72067692500D062E1 /* Loader.cpp */; };
		445EDAFD20676ABD00D062E1 /* WindowManager.cpp in Sources */ = {isa = PBXBuildFile; fileRef = 445EDAFB20676ABD00D062E1 /* WindowManager.cpp */; };
		445EDB0520683F5900D062E1 /* Button.cpp in Sources */ = {isa = PBXBuildFile; fileRef = 445EDB0320683F5900D062E1 /* Button.cpp */; };
		445EDB192068B94200D062E1 /* GameScene.cpp in Sources */ = {isa = PBXBuildFile; fileRef = 445EDB172068B94200D062E1 /* GameScene.cpp */; };
		445EDB2120693A6600D062E1 /* Timer.cpp in Sources */ = {isa = PBXBuildFile; fileRef = 445EDB1F20693A6600D062E1 /* Timer.cpp */; };
		4496FD882063E99C003F8C67 /* Field.cpp in Sources */ = {isa = PBXBuildFile; fileRef = 4496FD862063E99C003F8C67 /* Field.cpp */; };
		449FA6B2206EDCC5002D37C3 /* GameLoading.cpp in Sources */ = {isa = PBXBuildFile; fileRef = 449FA6B0206EDCC5002D37C3 /* GameLoading.cpp */; };
		449FA6B8206EED8E002D37C3 /* FieldWaiting.cpp in Sources */ = {isa = PBXBuildFile; fileRef = 449FA6B6206EED8E002D37C3 /* FieldWaiting.cpp */; };
		449FA6BB206EF0D8002D37C3 /* GamePlaying.cpp in Sources */ = {isa = PBXBuildFile; fileRef = 449FA6B9206EF0D8002D37C3 /* GamePlaying.cpp */; };
		449FA6BE206EF23D002D37C3 /* GamePaused.cpp in Sources */ = {isa = PBXBuildFile; fileRef = 449FA6BC206EF23D002D37C3 /* GamePaused.cpp */; };
		449FA6C1206EF24E002D37C3 /* GameFinished.cpp in Sources */ = {isa = PBXBuildFile; fileRef = 449FA6BF206EF24E002D37C3 /* GameFinished.cpp */; };
		449FA6C4206EFD00002D37C3 /* FieldAnimating.cpp in Sources */ = {isa = PBXBuildFile; fileRef = 449FA6C2206EFD00002D37C3 /* FieldAnimating.cpp */; };
		449FA6C7206F3D96002D37C3 /* FieldSwitchingGems.cpp in Sources */ = {isa = PBXBuildFile; fileRef = 449FA6C5206F3D96002D37C3 /* FieldSwitchingGems.cpp */; };
		449FA6CA206F5360002D37C3 /* FieldDestroyingGems.cpp in Sources */ = {isa = PBXBuildFile; fileRef = 449FA6C8206F5360002D37C3 /* FieldDestroyingGems.cpp */; };
		449FA6CD206F587B002D37C3 /* FieldGemsGoingDown.cpp in Sources */ = {isa = PBXBuildFile; fileRef = 449FA6CB206F587B002D37C3 /* FieldGemsGoingDown.cpp */; };
		44BED94B2062D64F00D9585F /* main.cpp in Sources */ = {isa = PBXBuildFile; fileRef = 44BED94A2062D64F00D9585F /* main.cpp */; };
		44BED9542062D72C00D9585F /* SDL2_image.framework in Frameworks */ = {isa = PBXBuildFile; fileRef = 44BED9522062D72C00D9585F /* SDL2_image.framework */; };
		44BED9552062D72C00D9585F /* SDL2.framework in Frameworks */ = {isa = PBXBuildFile; fileRef = 44BED9532062D72C00D9585F /* SDL2.framework */; };
		44BED9662062D83E00D9585F /* Input.cpp in Sources */ = {isa = PBXBuildFile; fileRef = 44BED9622062D83E00D9585F /* Input.cpp */; };
		44BED9672062D83E00D9585F /* Output.cpp in Sources */ = {isa = PBXBuildFile; fileRef = 44BED9642062D83E00D9585F /* Output.cpp */; };
		44BED96E2062DF6300D9585F /* Gem.cpp in Sources */ = {isa = PBXBuildFile; fileRef = 44BED96C2062DF6300D9585F /* Gem.cpp */; };
/* End PBXBuildFile section */

/* Begin PBXCopyFilesBuildPhase section */
		44BED9452062D64F00D9585F /* CopyFiles */ = {
			isa = PBXCopyFilesBuildPhase;
			buildActionMask = 2147483647;
			dstPath = /usr/share/man/man1/;
			dstSubfolderSpec = 0;
			files = (
			);
			runOnlyForDeploymentPostprocessing = 1;
		};
/* End PBXCopyFilesBuildPhase section */

/* Begin PBXFileReference section */
		44221BD120631E230088EB81 /* EventType.hpp */ = {isa = PBXFileReference; fileEncoding = 4; lastKnownFileType = sourcecode.cpp.h; path = EventType.hpp; sourceTree = "<group>"; };
		445EDAEE20647DAB00D062E1 /* Ball.png */ = {isa = PBXFileReference; lastKnownFileType = image.png; name = Ball.png; path = assets/Ball.png; sourceTree = "<group>"; };
		445EDAF220670F8500D062E1 /* Point.hpp */ = {isa = PBXFileReference; fileEncoding = 4; lastKnownFileType = sourcecode.cpp.h; path = Point.hpp; sourceTree = "<group>"; };
		445EDAF4206768C400D062E1 /* MainMenu.cpp */ = {isa = PBXFileReference; fileEncoding = 4; lastKnownFileType = sourcecode.cpp.cpp; path = MainMenu.cpp; sourceTree = "<group>"; };
		445EDAF5206768C400D062E1 /* MainMenu.hpp */ = {isa = PBXFileReference; fileEncoding = 4; lastKnownFileType = sourcecode.cpp.h; path = MainMenu.hpp; sourceTree = "<group>"; };
		445EDAF72067692500D062E1 /* Loader.cpp */ = {isa = PBXFileReference; fileEncoding = 4; lastKnownFileType = sourcecode.cpp.cpp; path = Loader.cpp; sourceTree = "<group>"; };
		445EDAF82067692500D062E1 /* Loader.hpp */ = {isa = PBXFileReference; fileEncoding = 4; lastKnownFileType = sourcecode.cpp.h; path = Loader.hpp; sourceTree = "<group>"; };
		445EDAFB20676ABD00D062E1 /* WindowManager.cpp */ = {isa = PBXFileReference; fileEncoding = 4; lastKnownFileType = sourcecode.cpp.cpp; path = WindowManager.cpp; sourceTree = "<group>"; };
		445EDAFC20676ABD00D062E1 /* WindowManager.hpp */ = {isa = PBXFileReference; fileEncoding = 4; lastKnownFileType = sourcecode.cpp.h; path = WindowManager.hpp; sourceTree = "<group>"; };
		445EDAFE206771B800D062E1 /* Logo.png */ = {isa = PBXFileReference; lastKnownFileType = image.png; name = Logo.png; path = assets/Logo.png; sourceTree = "<group>"; };
		445EDAFF206771B800D062E1 /* LogoBall.png */ = {isa = PBXFileReference; lastKnownFileType = image.png; name = LogoBall.png; path = assets/LogoBall.png; sourceTree = "<group>"; };
		445EDB0120682B9700D062E1 /* Scene.hpp */ = {isa = PBXFileReference; fileEncoding = 4; lastKnownFileType = sourcecode.cpp.h; path = Scene.hpp; sourceTree = "<group>"; };
		445EDB0320683F5900D062E1 /* Button.cpp */ = {isa = PBXFileReference; fileEncoding = 4; lastKnownFileType = sourcecode.cpp.cpp; path = Button.cpp; sourceTree = "<group>"; };
		445EDB0420683F5900D062E1 /* Button.hpp */ = {isa = PBXFileReference; fileEncoding = 4; lastKnownFileType = sourcecode.cpp.h; path = Button.hpp; sourceTree = "<group>"; };
		445EDB0620684F6000D062E1 /* PlayDown.png */ = {isa = PBXFileReference; lastKnownFileType = image.png; name = PlayDown.png; path = assets/PlayDown.png; sourceTree = "<group>"; };
		445EDB0720684F6000D062E1 /* PlayOut.png */ = {isa = PBXFileReference; lastKnownFileType = image.png; name = PlayOut.png; path = assets/PlayOut.png; sourceTree = "<group>"; };
		445EDB0820684F6000D062E1 /* PlayOver.png */ = {isa = PBXFileReference; lastKnownFileType = image.png; name = PlayOver.png; path = assets/PlayOver.png; sourceTree = "<group>"; };
		445EDB092068987A00D062E1 /* CountryBack.png */ = {isa = PBXFileReference; lastKnownFileType = image.png; name = CountryBack.png; path = assets/CountryBack.png; sourceTree = "<group>"; };
		445EDB0A2068AADB00D062E1 /* MenuSeparator.png */ = {isa = PBXFileReference; lastKnownFileType = image.png; name = MenuSeparator.png; path = assets/MenuSeparator.png; sourceTree = "<group>"; };
		445EDB0B2068ACC700D062E1 /* PickTeam.png */ = {isa = PBXFileReference; lastKnownFileType = image.png; name = PickTeam.png; path = assets/PickTeam.png; sourceTree = "<group>"; };
		445EDB0D2068AFB800D062E1 /* BrazilLabel.png */ = {isa = PBXFileReference; lastKnownFileType = image.png; name = BrazilLabel.png; path = assets/BrazilLabel.png; sourceTree = "<group>"; };
		445EDB0E2068AFB800D062E1 /* EnglandLabel.png */ = {isa = PBXFileReference; lastKnownFileType = image.png; name = EnglandLabel.png; path = assets/EnglandLabel.png; sourceTree = "<group>"; };
		445EDB0F2068AFB800D062E1 /* PortugalLabel.png */ = {isa = PBXFileReference; lastKnownFileType = image.png; name = PortugalLabel.png; path = assets/PortugalLabel.png; sourceTree = "<group>"; };
		445EDB102068AFB800D062E1 /* RussiaLabel.png */ = {isa = PBXFileReference; lastKnownFileType = image.png; name = RussiaLabel.png; path = assets/RussiaLabel.png; sourceTree = "<group>"; };
		445EDB112068AFB800D062E1 /* UruguayLabel.png */ = {isa = PBXFileReference; lastKnownFileType = image.png; name = UruguayLabel.png; path = assets/UruguayLabel.png; sourceTree = "<group>"; };
		445EDB122068B38400D062E1 /* BrazilMenu.png */ = {isa = PBXFileReference; lastKnownFileType = image.png; name = BrazilMenu.png; path = assets/BrazilMenu.png; sourceTree = "<group>"; };
		445EDB132068B38400D062E1 /* EnglandMenu.png */ = {isa = PBXFileReference; lastKnownFileType = image.png; name = EnglandMenu.png; path = assets/EnglandMenu.png; sourceTree = "<group>"; };
		445EDB142068B38400D062E1 /* PortugalMenu.png */ = {isa = PBXFileReference; lastKnownFileType = image.png; name = PortugalMenu.png; path = assets/PortugalMenu.png; sourceTree = "<group>"; };
		445EDB152068B38400D062E1 /* RussiaMenu.png */ = {isa = PBXFileReference; lastKnownFileType = image.png; name = RussiaMenu.png; path = assets/RussiaMenu.png; sourceTree = "<group>"; };
		445EDB162068B38400D062E1 /* UruguayMenu.png */ = {isa = PBXFileReference; lastKnownFileType = image.png; name = UruguayMenu.png; path = assets/UruguayMenu.png; sourceTree = "<group>"; };
		445EDB172068B94200D062E1 /* GameScene.cpp */ = {isa = PBXFileReference; fileEncoding = 4; lastKnownFileType = sourcecode.cpp.cpp; path = GameScene.cpp; sourceTree = "<group>"; };
		445EDB182068B94200D062E1 /* GameScene.hpp */ = {isa = PBXFileReference; fileEncoding = 4; lastKnownFileType = sourcecode.cpp.h; path = GameScene.hpp; sourceTree = "<group>"; };
		445EDB1A2068BE5C00D062E1 /* Field.png */ = {isa = PBXFileReference; lastKnownFileType = image.png; name = Field.png; path = assets/Field.png; sourceTree = "<group>"; };
		445EDB1B2068C15100D062E1 /* Board.png */ = {isa = PBXFileReference; lastKnownFileType = image.png; name = Board.png; path = assets/Board.png; sourceTree = "<group>"; };
		445EDB1C2068C15100D062E1 /* MenuButton.png */ = {isa = PBXFileReference; lastKnownFileType = image.png; name = MenuButton.png; path = assets/MenuButton.png; sourceTree = "<group>"; };
		445EDB1D2068C15100D062E1 /* PauseButton.png */ = {isa = PBXFileReference; lastKnownFileType = image.png; name = PauseButton.png; path = assets/PauseButton.png; sourceTree = "<group>"; };
		445EDB1E2068C15100D062E1 /* VsLabel.png */ = {isa = PBXFileReference; lastKnownFileType = image.png; name = VsLabel.png; path = assets/VsLabel.png; sourceTree = "<group>"; };
		445EDB1F20693A6600D062E1 /* Timer.cpp */ = {isa = PBXFileReference; fileEncoding = 4; lastKnownFileType = sourcecode.cpp.cpp; path = Timer.cpp; sourceTree = "<group>"; };
		445EDB2020693A6600D062E1 /* Timer.hpp */ = {isa = PBXFileReference; fileEncoding = 4; lastKnownFileType = sourcecode.cpp.h; path = Timer.hpp; sourceTree = "<group>"; };
		445EDB2320694D3900D062E1 /* Score1.png */ = {isa = PBXFileReference; lastKnownFileType = image.png; name = Score1.png; path = assets/Score1.png; sourceTree = "<group>"; };
		445EDB2420694D3900D062E1 /* Score2.png */ = {isa = PBXFileReference; lastKnownFileType = image.png; name = Score2.png; path = assets/Score2.png; sourceTree = "<group>"; };
		445EDB2520694D3900D062E1 /* Score3.png */ = {isa = PBXFileReference; lastKnownFileType = image.png; name = Score3.png; path = assets/Score3.png; sourceTree = "<group>"; };
		445EDB2620694D3900D062E1 /* Score4.png */ = {isa = PBXFileReference; lastKnownFileType = image.png; name = Score4.png; path = assets/Score4.png; sourceTree = "<group>"; };
		445EDB2720694D3900D062E1 /* Score5.png */ = {isa = PBXFileReference; lastKnownFileType = image.png; name = Score5.png; path = assets/Score5.png; sourceTree = "<group>"; };
		445EDB2820694D3900D062E1 /* Score6.png */ = {isa = PBXFileReference; lastKnownFileType = image.png; name = Score6.png; path = assets/Score6.png; sourceTree = "<group>"; };
		445EDB2920694D3900D062E1 /* Score7.png */ = {isa = PBXFileReference; lastKnownFileType = image.png; name = Score7.png; path = assets/Score7.png; sourceTree = "<group>"; };
		445EDB2A20694D3900D062E1 /* Score8.png */ = {isa = PBXFileReference; lastKnownFileType = image.png; name = Score8.png; path = assets/Score8.png; sourceTree = "<group>"; };
		445EDB2B20694D3900D062E1 /* Score9.png */ = {isa = PBXFileReference; lastKnownFileType = image.png; name = Score9.png; path = assets/Score9.png; sourceTree = "<group>"; };
		445EDB2C20694D3900D062E1 /* Score0.png */ = {isa = PBXFileReference; lastKnownFileType = image.png; name = Score0.png; path = assets/Score0.png; sourceTree = "<group>"; };
		445EDB2D20694D3900D062E1 /* Timer0.png */ = {isa = PBXFileReference; lastKnownFileType = image.png; name = Timer0.png; path = assets/Timer0.png; sourceTree = "<group>"; };
		445EDB2E20694D3900D062E1 /* Timer1.png */ = {isa = PBXFileReference; lastKnownFileType = image.png; name = Timer1.png; path = assets/Timer1.png; sourceTree = "<group>"; };
		445EDB2F20694D3900D062E1 /* Timer2.png */ = {isa = PBXFileReference; lastKnownFileType = image.png; name = Timer2.png; path = assets/Timer2.png; sourceTree = "<group>"; };
		445EDB3020694D3900D062E1 /* Timer3.png */ = {isa = PBXFileReference; lastKnownFileType = image.png; name = Timer3.png; path = assets/Timer3.png; sourceTree = "<group>"; };
		445EDB3120694D3900D062E1 /* Timer4.png */ = {isa = PBXFileReference; lastKnownFileType = image.png; name = Timer4.png; path = assets/Timer4.png; sourceTree = "<group>"; };
		445EDB3220694D3900D062E1 /* Timer5.png */ = {isa = PBXFileReference; lastKnownFileType = image.png; name = Timer5.png; path = assets/Timer5.png; sourceTree = "<group>"; };
		445EDB3320694D3900D062E1 /* Timer6.png */ = {isa = PBXFileReference; lastKnownFileType = image.png; name = Timer6.png; path = assets/Timer6.png; sourceTree = "<group>"; };
		445EDB3420694D3900D062E1 /* Timer7.png */ = {isa = PBXFileReference; lastKnownFileType = image.png; name = Timer7.png; path = assets/Timer7.png; sourceTree = "<group>"; };
		445EDB3520694D3900D062E1 /* Timer8.png */ = {isa = PBXFileReference; lastKnownFileType = image.png; name = Timer8.png; path = assets/Timer8.png; sourceTree = "<group>"; };
		445EDB3620694D3900D062E1 /* Timer9.png */ = {isa = PBXFileReference; lastKnownFileType = image.png; name = Timer9.png; path = assets/Timer9.png; sourceTree = "<group>"; };
		445EDB3720694D3900D062E1 /* TimerSeparator.png */ = {isa = PBXFileReference; lastKnownFileType = image.png; name = TimerSeparator.png; path = assets/TimerSeparator.png; sourceTree = "<group>"; };
		445EDB3920694D6300D062E1 /* MenuButtonIn.png */ = {isa = PBXFileReference; lastKnownFileType = image.png; name = MenuButtonIn.png; path = assets/MenuButtonIn.png; sourceTree = "<group>"; };
		445EDB3A20694D6300D062E1 /* MenuButtonOut.png */ = {isa = PBXFileReference; lastKnownFileType = image.png; name = MenuButtonOut.png; path = assets/MenuButtonOut.png; sourceTree = "<group>"; };
		445EDB3B20694D6300D062E1 /* MenuButtonOver.png */ = {isa = PBXFileReference; lastKnownFileType = image.png; name = MenuButtonOver.png; path = assets/MenuButtonOver.png; sourceTree = "<group>"; };
		445EDB3C20694D6300D062E1 /* PauseButtonIn.png */ = {isa = PBXFileReference; lastKnownFileType = image.png; name = PauseButtonIn.png; path = assets/PauseButtonIn.png; sourceTree = "<group>"; };
		445EDB3D20694D6300D062E1 /* PauseButtonOut.png */ = {isa = PBXFileReference; lastKnownFileType = image.png; name = PauseButtonOut.png; path = assets/PauseButtonOut.png; sourceTree = "<group>"; };
		445EDB3E20694D6300D062E1 /* PauseButtonOver.png */ = {isa = PBXFileReference; lastKnownFileType = image.png; name = PauseButtonOver.png; path = assets/PauseButtonOver.png; sourceTree = "<group>"; };
		445EDB3F20694D6300D062E1 /* PlayButtonIn.png */ = {isa = PBXFileReference; lastKnownFileType = image.png; name = PlayButtonIn.png; path = assets/PlayButtonIn.png; sourceTree = "<group>"; };
		445EDB4020694D6300D062E1 /* PlayButtonOut.png */ = {isa = PBXFileReference; lastKnownFileType = image.png; name = PlayButtonOut.png; path = assets/PlayButtonOut.png; sourceTree = "<group>"; };
		445EDB4120694D6300D062E1 /* PlayButtonOver.png */ = {isa = PBXFileReference; lastKnownFileType = image.png; name = PlayButtonOver.png; path = assets/PlayButtonOver.png; sourceTree = "<group>"; };
		445EDB4320696EB200D062E1 /* Constants.hpp */ = {isa = PBXFileReference; fileEncoding = 4; lastKnownFileType = sourcecode.cpp.h; path = Constants.hpp; sourceTree = "<group>"; };
		4496FD842063368B003F8C67 /* Tools.hpp */ = {isa = PBXFileReference; fileEncoding = 4; lastKnownFileType = sourcecode.cpp.h; path = Tools.hpp; sourceTree = "<group>"; };
		4496FD862063E99C003F8C67 /* Field.cpp */ = {isa = PBXFileReference; fileEncoding = 4; lastKnownFileType = sourcecode.cpp.cpp; path = Field.cpp; sourceTree = "<group>"; };
		4496FD872063E99C003F8C67 /* Field.hpp */ = {isa = PBXFileReference; fileEncoding = 4; lastKnownFileType = sourcecode.cpp.h; path = Field.hpp; sourceTree = "<group>"; };
		449FA6922069B7BF002D37C3 /* Goalkeeper.png */ = {isa = PBXFileReference; lastKnownFileType = image.png; name = Goalkeeper.png; path = assets/Goalkeeper.png; sourceTree = "<group>"; };
		449FA693206AB7A1002D37C3 /* Brazil.png */ = {isa = PBXFileReference; lastKnownFileType = image.png; name = Brazil.png; path = assets/Brazil.png; sourceTree = "<group>"; };
		449FA694206AB7A1002D37C3 /* England.png */ = {isa = PBXFileReference; lastKnownFileType = image.png; name = England.png; path = assets/England.png; sourceTree = "<group>"; };
		449FA695206AB7A1002D37C3 /* Portugal.png */ = {isa = PBXFileReference; lastKnownFileType = image.png; name = Portugal.png; path = assets/Portugal.png; sourceTree = "<group>"; };
		449FA696206AB7A1002D37C3 /* Russia.png */ = {isa = PBXFileReference; lastKnownFileType = image.png; name = Russia.png; path = assets/Russia.png; sourceTree = "<group>"; };
		449FA697206AB7A1002D37C3 /* Uruguay.png */ = {isa = PBXFileReference; lastKnownFileType = image.png; name = Uruguay.png; path = assets/Uruguay.png; sourceTree = "<group>"; };
		449FA698206AB7C3002D37C3 /* Referee.png */ = {isa = PBXFileReference; lastKnownFileType = image.png; name = Referee.png; path = assets/Referee.png; sourceTree = "<group>"; };
		449FA69A206B3C01002D37C3 /* BallSelected.png */ = {isa = PBXFileReference; lastKnownFileType = image.png; name = BallSelected.png; path = assets/BallSelected.png; sourceTree = "<group>"; };
		449FA69B206B3C01002D37C3 /* BrazilSelected.png */ = {isa = PBXFileReference; lastKnownFileType = image.png; name = BrazilSelected.png; path = assets/BrazilSelected.png; sourceTree = "<group>"; };
		449FA69C206B3C01002D37C3 /* EnglandSelected.png */ = {isa = PBXFileReference; lastKnownFileType = image.png; name = EnglandSelected.png; path = assets/EnglandSelected.png; sourceTree = "<group>"; };
		449FA69D206B3C01002D37C3 /* GoalkeeperSelected.png */ = {isa = PBXFileReference; lastKnownFileType = image.png; name = GoalkeeperSelected.png; path = assets/GoalkeeperSelected.png; sourceTree = "<group>"; };
		449FA69E206B3C01002D37C3 /* PortugalSelected.png */ = {isa = PBXFileReference; lastKnownFileType = image.png; name = PortugalSelected.png; path = assets/PortugalSelected.png; sourceTree = "<group>"; };
		449FA69F206B3C01002D37C3 /* RefereeSelected.png */ = {isa = PBXFileReference; lastKnownFileType = image.png; name = RefereeSelected.png; path = assets/RefereeSelected.png; sourceTree = "<group>"; };
		449FA6A0206B3C01002D37C3 /* RussiaSelected.png */ = {isa = PBXFileReference; lastKnownFileType = image.png; name = RussiaSelected.png; path = assets/RussiaSelected.png; sourceTree = "<group>"; };
		449FA6A1206B3C01002D37C3 /* UruguaySelected.png */ = {isa = PBXFileReference; lastKnownFileType = image.png; name = UruguaySelected.png; path = assets/UruguaySelected.png; sourceTree = "<group>"; };
		449FA6A7206D7AC1002D37C3 /* OutputInitException.hpp */ = {isa = PBXFileReference; fileEncoding = 4; lastKnownFileType = sourcecode.cpp.h; path = OutputInitException.hpp; sourceTree = "<group>"; };
		449FA6AA206E1568002D37C3 /* MouseOutFieldException.hpp */ = {isa = PBXFileReference; fileEncoding = 4; lastKnownFileType = sourcecode.cpp.h; path = MouseOutFieldException.hpp; sourceTree = "<group>"; };
		449FA6AE206EDC1F002D37C3 /* GameState.hpp */ = {isa = PBXFileReference; fileEncoding = 4; lastKnownFileType = sourcecode.cpp.h; path = GameState.hpp; sourceTree = "<group>"; };
		449FA6B0206EDCC5002D37C3 /* GameLoading.cpp */ = {isa = PBXFileReference; fileEncoding = 4; lastKnownFileType = sourcecode.cpp.cpp; path = GameLoading.cpp; sourceTree = "<group>"; };
		449FA6B1206EDCC5002D37C3 /* GameLoading.hpp */ = {isa = PBXFileReference; fileEncoding = 4; lastKnownFileType = sourcecode.cpp.h; path = GameLoading.hpp; sourceTree = "<group>"; };
		449FA6B4206EED47002D37C3 /* FieldState.hpp */ = {isa = PBXFileReference; fileEncoding = 4; lastKnownFileType = sourcecode.cpp.h; path = FieldState.hpp; sourceTree = "<group>"; };
		449FA6B6206EED8E002D37C3 /* FieldWaiting.cpp */ = {isa = PBXFileReference; fileEncoding = 4; lastKnownFileType = sourcecode.cpp.cpp; path = FieldWaiting.cpp; sourceTree = "<group>"; };
		449FA6B7206EED8E002D37C3 /* FieldWaiting.hpp */ = {isa = PBXFileReference; fileEncoding = 4; lastKnownFileType = sourcecode.cpp.h; path = FieldWaiting.hpp; sourceTree = "<group>"; };
		449FA6B9206EF0D8002D37C3 /* GamePlaying.cpp */ = {isa = PBXFileReference; fileEncoding = 4; lastKnownFileType = sourcecode.cpp.cpp; path = GamePlaying.cpp; sourceTree = "<group>"; };
		449FA6BA206EF0D8002D37C3 /* GamePlaying.hpp */ = {isa = PBXFileReference; fileEncoding = 4; lastKnownFileType = sourcecode.cpp.h; path = GamePlaying.hpp; sourceTree = "<group>"; };
		449FA6BC206EF23D002D37C3 /* GamePaused.cpp */ = {isa = PBXFileReference; fileEncoding = 4; lastKnownFileType = sourcecode.cpp.cpp; path = GamePaused.cpp; sourceTree = "<group>"; };
		449FA6BD206EF23D002D37C3 /* GamePaused.hpp */ = {isa = PBXFileReference; fileEncoding = 4; lastKnownFileType = sourcecode.cpp.h; path = GamePaused.hpp; sourceTree = "<group>"; };
		449FA6BF206EF24E002D37C3 /* GameFinished.cpp */ = {isa = PBXFileReference; fileEncoding = 4; lastKnownFileType = sourcecode.cpp.cpp; path = GameFinished.cpp; sourceTree = "<group>"; };
		449FA6C0206EF24E002D37C3 /* GameFinished.hpp */ = {isa = PBXFileReference; fileEncoding = 4; lastKnownFileType = sourcecode.cpp.h; path = GameFinished.hpp; sourceTree = "<group>"; };
		449FA6C2206EFD00002D37C3 /* FieldAnimating.cpp */ = {isa = PBXFileReference; fileEncoding = 4; lastKnownFileType = sourcecode.cpp.cpp; path = FieldAnimating.cpp; sourceTree = "<group>"; };
		449FA6C3206EFD00002D37C3 /* FieldAnimating.hpp */ = {isa = PBXFileReference; fileEncoding = 4; lastKnownFileType = sourcecode.cpp.h; path = FieldAnimating.hpp; sourceTree = "<group>"; };
		449FA6C5206F3D96002D37C3 /* FieldSwitchingGems.cpp */ = {isa = PBXFileReference; fileEncoding = 4; lastKnownFileType = sourcecode.cpp.cpp; path = FieldSwitchingGems.cpp; sourceTree = "<group>"; };
		449FA6C6206F3D96002D37C3 /* FieldSwitchingGems.hpp */ = {isa = PBXFileReference; fileEncoding = 4; lastKnownFileType = sourcecode.cpp.h; path = FieldSwitchingGems.hpp; sourceTree = "<group>"; };
		449FA6C8206F5360002D37C3 /* FieldDestroyingGems.cpp */ = {isa = PBXFileReference; fileEncoding = 4; lastKnownFileType = sourcecode.cpp.cpp; path = FieldDestroyingGems.cpp; sourceTree = "<group>"; };
		449FA6C9206F5360002D37C3 /* FieldDestroyingGems.hpp */ = {isa = PBXFileReference; fileEncoding = 4; lastKnownFileType = sourcecode.cpp.h; path = FieldDestroyingGems.hpp; sourceTree = "<group>"; };
		449FA6CB206F587B002D37C3 /* FieldGemsGoingDown.cpp */ = {isa = PBXFileReference; fileEncoding = 4; lastKnownFileType = sourcecode.cpp.cpp; path = FieldGemsGoingDown.cpp; sourceTree = "<group>"; };
		449FA6CC206F587B002D37C3 /* FieldGemsGoingDown.hpp */ = {isa = PBXFileReference; fileEncoding = 4; lastKnownFileType = sourcecode.cpp.h; path = FieldGemsGoingDown.hpp; sourceTree = "<group>"; };
		449FA6CE206F610D002D37C3 /* BackgroundLayer.png */ = {isa = PBXFileReference; lastKnownFileType = image.png; name = BackgroundLayer.png; path = assets/BackgroundLayer.png; sourceTree = "<group>"; };
		44BED9472062D64F00D9585F /* Soccer Snap */ = {isa = PBXFileReference; explicitFileType = "compiled.mach-o.executable"; includeInIndex = 0; path = "Soccer Snap"; sourceTree = BUILT_PRODUCTS_DIR; };
		44BED94A2062D64F00D9585F /* main.cpp */ = {isa = PBXFileReference; lastKnownFileType = sourcecode.cpp.cpp; path = main.cpp; sourceTree = "<group>"; };
		44BED9522062D72C00D9585F /* SDL2_image.framework */ = {isa = PBXFileReference; lastKnownFileType = wrapper.framework; name = SDL2_image.framework; path = ../../../../../../Library/Frameworks/SDL2_image.framework; sourceTree = "<group>"; };
		44BED9532062D72C00D9585F /* SDL2.framework */ = {isa = PBXFileReference; lastKnownFileType = wrapper.framework; name = SDL2.framework; path = ../../../../../../Library/Frameworks/SDL2.framework; sourceTree = "<group>"; };
		44BED9622062D83E00D9585F /* Input.cpp */ = {isa = PBXFileReference; fileEncoding = 4; lastKnownFileType = sourcecode.cpp.cpp; path = Input.cpp; sourceTree = "<group>"; };
		44BED9632062D83E00D9585F /* Input.hpp */ = {isa = PBXFileReference; fileEncoding = 4; lastKnownFileType = sourcecode.cpp.h; path = Input.hpp; sourceTree = "<group>"; };
		44BED9642062D83E00D9585F /* Output.cpp */ = {isa = PBXFileReference; fileEncoding = 4; lastKnownFileType = sourcecode.cpp.cpp; path = Output.cpp; sourceTree = "<group>"; };
		44BED9652062D83E00D9585F /* Output.hpp */ = {isa = PBXFileReference; fileEncoding = 4; lastKnownFileType = sourcecode.cpp.h; path = Output.hpp; sourceTree = "<group>"; };
		44BED96A2062D95E00D9585F /* GameObject.hpp */ = {isa = PBXFileReference; fileEncoding = 4; lastKnownFileType = sourcecode.cpp.h; path = GameObject.hpp; sourceTree = "<group>"; };
		44BED96C2062DF6300D9585F /* Gem.cpp */ = {isa = PBXFileReference; fileEncoding = 4; lastKnownFileType = sourcecode.cpp.cpp; path = Gem.cpp; sourceTree = "<group>"; };
		44BED96D2062DF6300D9585F /* Gem.hpp */ = {isa = PBXFileReference; fileEncoding = 4; lastKnownFileType = sourcecode.cpp.h; path = Gem.hpp; sourceTree = "<group>"; };
/* End PBXFileReference section */

/* Begin PBXFrameworksBuildPhase section */
		44BED9442062D64F00D9585F /* Frameworks */ = {
			isa = PBXFrameworksBuildPhase;
			buildActionMask = 2147483647;
			files = (
				44BED9542062D72C00D9585F /* SDL2_image.framework in Frameworks */,
				44BED9552062D72C00D9585F /* SDL2.framework in Frameworks */,
			);
			runOnlyForDeploymentPostprocessing = 0;
		};
/* End PBXFrameworksBuildPhase section */

/* Begin PBXGroup section */
		445EDAFA2067692C00D062E1 /* Windows */ = {
			isa = PBXGroup;
			children = (
				4496FD862063E99C003F8C67 /* Field.cpp */,
				4496FD872063E99C003F8C67 /* Field.hpp */,
				445EDAF4206768C400D062E1 /* MainMenu.cpp */,
				445EDAF5206768C400D062E1 /* MainMenu.hpp */,
				445EDAF72067692500D062E1 /* Loader.cpp */,
				445EDAF82067692500D062E1 /* Loader.hpp */,
				445EDAFB20676ABD00D062E1 /* WindowManager.cpp */,
				445EDAFC20676ABD00D062E1 /* WindowManager.hpp */,
				445EDB0120682B9700D062E1 /* Scene.hpp */,
				445EDB172068B94200D062E1 /* GameScene.cpp */,
				445EDB182068B94200D062E1 /* GameScene.hpp */,
			);
			name = Windows;
			sourceTree = "<group>";
		};
		445EDB0C2068AF9F00D062E1 /* Countries */ = {
			isa = PBXGroup;
			children = (
				449FA69B206B3C01002D37C3 /* BrazilSelected.png */,
				449FA69C206B3C01002D37C3 /* EnglandSelected.png */,
				449FA69E206B3C01002D37C3 /* PortugalSelected.png */,
				449FA6A0206B3C01002D37C3 /* RussiaSelected.png */,
				449FA6A1206B3C01002D37C3 /* UruguaySelected.png */,
				449FA693206AB7A1002D37C3 /* Brazil.png */,
				449FA694206AB7A1002D37C3 /* England.png */,
				449FA695206AB7A1002D37C3 /* Portugal.png */,
				449FA696206AB7A1002D37C3 /* Russia.png */,
				449FA697206AB7A1002D37C3 /* Uruguay.png */,
				445EDB122068B38400D062E1 /* BrazilMenu.png */,
				445EDB132068B38400D062E1 /* EnglandMenu.png */,
				445EDB142068B38400D062E1 /* PortugalMenu.png */,
				445EDB152068B38400D062E1 /* RussiaMenu.png */,
				445EDB162068B38400D062E1 /* UruguayMenu.png */,
				445EDB0D2068AFB800D062E1 /* BrazilLabel.png */,
				445EDB0E2068AFB800D062E1 /* EnglandLabel.png */,
				445EDB0F2068AFB800D062E1 /* PortugalLabel.png */,
				445EDB102068AFB800D062E1 /* RussiaLabel.png */,
				445EDB112068AFB800D062E1 /* UruguayLabel.png */,
			);
			name = Countries;
			sourceTree = "<group>";
		};
		445EDB2220694D2400D062E1 /* Numbers */ = {
			isa = PBXGroup;
			children = (
				445EDB2320694D3900D062E1 /* Score1.png */,
				445EDB2420694D3900D062E1 /* Score2.png */,
				445EDB2520694D3900D062E1 /* Score3.png */,
				445EDB2620694D3900D062E1 /* Score4.png */,
				445EDB2720694D3900D062E1 /* Score5.png */,
				445EDB2820694D3900D062E1 /* Score6.png */,
				445EDB2920694D3900D062E1 /* Score7.png */,
				445EDB2A20694D3900D062E1 /* Score8.png */,
				445EDB2B20694D3900D062E1 /* Score9.png */,
				445EDB2C20694D3900D062E1 /* Score0.png */,
				445EDB2D20694D3900D062E1 /* Timer0.png */,
				445EDB2E20694D3900D062E1 /* Timer1.png */,
				445EDB2F20694D3900D062E1 /* Timer2.png */,
				445EDB3020694D3900D062E1 /* Timer3.png */,
				445EDB3120694D3900D062E1 /* Timer4.png */,
				445EDB3220694D3900D062E1 /* Timer5.png */,
				445EDB3320694D3900D062E1 /* Timer6.png */,
				445EDB3420694D3900D062E1 /* Timer7.png */,
				445EDB3520694D3900D062E1 /* Timer8.png */,
				445EDB3620694D3900D062E1 /* Timer9.png */,
				445EDB3720694D3900D062E1 /* TimerSeparator.png */,
			);
			name = Numbers;
			sourceTree = "<group>";
		};
		445EDB3820694D4E00D062E1 /* Buttons */ = {
			isa = PBXGroup;
			children = (
				445EDB3920694D6300D062E1 /* MenuButtonIn.png */,
				445EDB3A20694D6300D062E1 /* MenuButtonOut.png */,
				445EDB3B20694D6300D062E1 /* MenuButtonOver.png */,
				445EDB3C20694D6300D062E1 /* PauseButtonIn.png */,
				445EDB3D20694D6300D062E1 /* PauseButtonOut.png */,
				445EDB3E20694D6300D062E1 /* PauseButtonOver.png */,
				445EDB3F20694D6300D062E1 /* PlayButtonIn.png */,
				445EDB4020694D6300D062E1 /* PlayButtonOut.png */,
				445EDB4120694D6300D062E1 /* PlayButtonOver.png */,
			);
			name = Buttons;
			sourceTree = "<group>";
		};
		449FA6912069B6D2002D37C3 /* Gems */ = {
			isa = PBXGroup;
			children = (
				449FA698206AB7C3002D37C3 /* Referee.png */,
				449FA69F206B3C01002D37C3 /* RefereeSelected.png */,
				445EDAEE20647DAB00D062E1 /* Ball.png */,
				449FA69A206B3C01002D37C3 /* BallSelected.png */,
				449FA6922069B7BF002D37C3 /* Goalkeeper.png */,
				449FA69D206B3C01002D37C3 /* GoalkeeperSelected.png */,
			);
			name = Gems;
			sourceTree = "<group>";
		};
		449FA6A5206D7A9B002D37C3 /* Exceptions */ = {
			isa = PBXGroup;
			children = (
				449FA6A7206D7AC1002D37C3 /* OutputInitException.hpp */,
				449FA6AA206E1568002D37C3 /* MouseOutFieldException.hpp */,
			);
			name = Exceptions;
			sourceTree = "<group>";
		};
		449FA6AC206EDC10002D37C3 /* States */ = {
			isa = PBXGroup;
			children = (
				449FA6AE206EDC1F002D37C3 /* GameState.hpp */,
				449FA6B0206EDCC5002D37C3 /* GameLoading.cpp */,
				449FA6B1206EDCC5002D37C3 /* GameLoading.hpp */,
				449FA6B9206EF0D8002D37C3 /* GamePlaying.cpp */,
				449FA6BA206EF0D8002D37C3 /* GamePlaying.hpp */,
				449FA6BC206EF23D002D37C3 /* GamePaused.cpp */,
				449FA6BD206EF23D002D37C3 /* GamePaused.hpp */,
				449FA6BF206EF24E002D37C3 /* GameFinished.cpp */,
				449FA6C0206EF24E002D37C3 /* GameFinished.hpp */,
				449FA6B4206EED47002D37C3 /* FieldState.hpp */,
				449FA6B6206EED8E002D37C3 /* FieldWaiting.cpp */,
				449FA6B7206EED8E002D37C3 /* FieldWaiting.hpp */,
				449FA6C2206EFD00002D37C3 /* FieldAnimating.cpp */,
				449FA6C3206EFD00002D37C3 /* FieldAnimating.hpp */,
				449FA6C5206F3D96002D37C3 /* FieldSwitchingGems.cpp */,
				449FA6C6206F3D96002D37C3 /* FieldSwitchingGems.hpp */,
				449FA6C8206F5360002D37C3 /* FieldDestroyingGems.cpp */,
				449FA6C9206F5360002D37C3 /* FieldDestroyingGems.hpp */,
				449FA6CB206F587B002D37C3 /* FieldGemsGoingDown.cpp */,
				449FA6CC206F587B002D37C3 /* FieldGemsGoingDown.hpp */,
			);
			name = States;
			sourceTree = "<group>";
		};
		44BED93E2062D64F00D9585F = {
			isa = PBXGroup;
			children = (
				44BED9492062D64F00D9585F /* Soccer Snap */,
				44BED9482062D64F00D9585F /* Products */,
				44BED9512062D72C00D9585F /* Frameworks */,
			);
			sourceTree = "<group>";
		};
		44BED9482062D64F00D9585F /* Products */ = {
			isa = PBXGroup;
			children = (
				44BED9472062D64F00D9585F /* Soccer Snap */,
			);
			name = Products;
			sourceTree = "<group>";
		};
		44BED9492062D64F00D9585F /* Soccer Snap */ = {
			isa = PBXGroup;
			children = (
				449FA6AC206EDC10002D37C3 /* States */,
				449FA6A5206D7A9B002D37C3 /* Exceptions */,
				445EDAFA2067692C00D062E1 /* Windows */,
				44BED9682062D94600D9585F /* Objects */,
				44BED95C2062D78C00D9585F /* Helpers */,
				44BED9562062D75100D9585F /* assets */,
				44BED94A2062D64F00D9585F /* main.cpp */,
			);
			path = "Soccer Snap";
			sourceTree = "<group>";
		};
		44BED9512062D72C00D9585F /* Frameworks */ = {
			isa = PBXGroup;
			children = (
				44BED9522062D72C00D9585F /* SDL2_image.framework */,
				44BED9532062D72C00D9585F /* SDL2.framework */,
			);
			name = Frameworks;
			sourceTree = "<group>";
		};
		44BED9562062D75100D9585F /* assets */ = {
			isa = PBXGroup;
			children = (
				449FA6CE206F610D002D37C3 /* BackgroundLayer.png */,
				449FA6912069B6D2002D37C3 /* Gems */,
				445EDB3820694D4E00D062E1 /* Buttons */,
				445EDB2220694D2400D062E1 /* Numbers */,
				445EDB1B2068C15100D062E1 /* Board.png */,
				445EDB1C2068C15100D062E1 /* MenuButton.png */,
				445EDB1D2068C15100D062E1 /* PauseButton.png */,
				445EDB1E2068C15100D062E1 /* VsLabel.png */,
				445EDB1A2068BE5C00D062E1 /* Field.png */,
				445EDB0C2068AF9F00D062E1 /* Countries */,
				445EDB0B2068ACC700D062E1 /* PickTeam.png */,
				445EDB0A2068AADB00D062E1 /* MenuSeparator.png */,
				445EDB092068987A00D062E1 /* CountryBack.png */,
				445EDB0620684F6000D062E1 /* PlayDown.png */,
				445EDB0720684F6000D062E1 /* PlayOut.png */,
				445EDB0820684F6000D062E1 /* PlayOver.png */,
				445EDAFE206771B800D062E1 /* Logo.png */,
				445EDAFF206771B800D062E1 /* LogoBall.png */,
			);
			name = assets;
			sourceTree = "<group>";
		};
		44BED95C2062D78C00D9585F /* Helpers */ = {
			isa = PBXGroup;
			children = (
				44BED9622062D83E00D9585F /* Input.cpp */,
				44BED9632062D83E00D9585F /* Input.hpp */,
				44BED9642062D83E00D9585F /* Output.cpp */,
				44BED9652062D83E00D9585F /* Output.hpp */,
				44221BD120631E230088EB81 /* EventType.hpp */,
				4496FD842063368B003F8C67 /* Tools.hpp */,
				445EDAF220670F8500D062E1 /* Point.hpp */,
				445EDB4320696EB200D062E1 /* Constants.hpp */,
			);
			name = Helpers;
			sourceTree = "<group>";
		};
		44BED9682062D94600D9585F /* Objects */ = {
			isa = PBXGroup;
			children = (
				44BED96C2062DF6300D9585F /* Gem.cpp */,
				44BED96D2062DF6300D9585F /* Gem.hpp */,
				445EDB0320683F5900D062E1 /* Button.cpp */,
				445EDB0420683F5900D062E1 /* Button.hpp */,
				44BED96A2062D95E00D9585F /* GameObject.hpp */,
				445EDB1F20693A6600D062E1 /* Timer.cpp */,
				445EDB2020693A6600D062E1 /* Timer.hpp */,
			);
			name = Objects;
			sourceTree = "<group>";
		};
/* End PBXGroup section */

/* Begin PBXNativeTarget section */
		44BED9462062D64F00D9585F /* Soccer Snap */ = {
			isa = PBXNativeTarget;
			buildConfigurationList = 44BED94E2062D64F00D9585F /* Build configuration list for PBXNativeTarget "Soccer Snap" */;
			buildPhases = (
				44BED9432062D64F00D9585F /* Sources */,
				44BED9442062D64F00D9585F /* Frameworks */,
				44BED9452062D64F00D9585F /* CopyFiles */,
			);
			buildRules = (
			);
			dependencies = (
			);
			name = "Soccer Snap";
			productName = "Soccer Snap";
			productReference = 44BED9472062D64F00D9585F /* Soccer Snap */;
			productType = "com.apple.product-type.tool";
		};
/* End PBXNativeTarget section */

/* Begin PBXProject section */
		44BED93F2062D64F00D9585F /* Project object */ = {
			isa = PBXProject;
			attributes = {
				LastUpgradeCheck = 0830;
				ORGANIZATIONNAME = grunwaldt;
				TargetAttributes = {
					44BED9462062D64F00D9585F = {
						CreatedOnToolsVersion = 8.3.3;
						DevelopmentTeam = 2ZJEB92A4V;
						ProvisioningStyle = Automatic;
					};
				};
			};
			buildConfigurationList = 44BED9422062D64F00D9585F /* Build configuration list for PBXProject "Soccer Snap" */;
			compatibilityVersion = "Xcode 3.2";
			developmentRegion = English;
			hasScannedForEncodings = 0;
			knownRegions = (
				en,
			);
			mainGroup = 44BED93E2062D64F00D9585F;
			productRefGroup = 44BED9482062D64F00D9585F /* Products */;
			projectDirPath = "";
			projectRoot = "";
			targets = (
				44BED9462062D64F00D9585F /* Soccer Snap */,
			);
		};
/* End PBXProject section */

/* Begin PBXSourcesBuildPhase section */
		44BED9432062D64F00D9585F /* Sources */ = {
			isa = PBXSourcesBuildPhase;
			buildActionMask = 2147483647;
			files = (
				44BED96E2062DF6300D9585F /* Gem.cpp in Sources */,
				445EDB192068B94200D062E1 /* GameScene.cpp in Sources */,
				449FA6BE206EF23D002D37C3 /* GamePaused.cpp in Sources */,
				449FA6BB206EF0D8002D37C3 /* GamePlaying.cpp in Sources */,
				445EDAFD20676ABD00D062E1 /* WindowManager.cpp in Sources */,
				449FA6C1206EF24E002D37C3 /* GameFinished.cpp in Sources */,
				445EDAF92067692500D062E1 /* Loader.cpp in Sources */,
				449FA6B2206EDCC5002D37C3 /* GameLoading.cpp in Sources */,
				44BED9662062D83E00D9585F /* Input.cpp in Sources */,
				44BED94B2062D64F00D9585F /* main.cpp in Sources */,
				445EDB0520683F5900D062E1 /* Button.cpp in Sources */,
				44BED9672062D83E00D9585F /* Output.cpp in Sources */,
				449FA6B8206EED8E002D37C3 /* FieldWaiting.cpp in Sources */,
				4496FD882063E99C003F8C67 /* Field.cpp in Sources */,
				445EDAF6206768C400D062E1 /* MainMenu.cpp in Sources */,
				449FA6CD206F587B002D37C3 /* FieldGemsGoingDown.cpp in Sources */,
				449FA6CA206F5360002D37C3 /* FieldDestroyingGems.cpp in Sources */,
				449FA6C4206EFD00002D37C3 /* FieldAnimating.cpp in Sources */,
				445EDB2120693A6600D062E1 /* Timer.cpp in Sources */,
				449FA6C7206F3D96002D37C3 /* FieldSwitchingGems.cpp in Sources */,
			);
			runOnlyForDeploymentPostprocessing = 0;
		};
/* End PBXSourcesBuildPhase section */

/* Begin XCBuildConfiguration section */
		44BED94C2062D64F00D9585F /* Debug */ = {
			isa = XCBuildConfiguration;
			buildSettings = {
				ALWAYS_SEARCH_USER_PATHS = NO;
				CLANG_ANALYZER_NONNULL = YES;
				CLANG_ANALYZER_NUMBER_OBJECT_CONVERSION = YES_AGGRESSIVE;
				CLANG_CXX_LANGUAGE_STANDARD = "gnu++0x";
				CLANG_CXX_LIBRARY = "libc++";
				CLANG_ENABLE_MODULES = YES;
				CLANG_ENABLE_OBJC_ARC = YES;
				CLANG_WARN_BOOL_CONVERSION = YES;
				CLANG_WARN_CONSTANT_CONVERSION = YES;
				CLANG_WARN_DIRECT_OBJC_ISA_USAGE = YES_ERROR;
				CLANG_WARN_DOCUMENTATION_COMMENTS = YES;
				CLANG_WARN_EMPTY_BODY = YES;
				CLANG_WARN_ENUM_CONVERSION = YES;
				CLANG_WARN_INFINITE_RECURSION = YES;
				CLANG_WARN_INT_CONVERSION = YES;
				CLANG_WARN_OBJC_ROOT_CLASS = YES_ERROR;
				CLANG_WARN_SUSPICIOUS_MOVE = YES;
				CLANG_WARN_UNREACHABLE_CODE = YES;
				CLANG_WARN__DUPLICATE_METHOD_MATCH = YES;
				CODE_SIGN_IDENTITY = "-";
				COPY_PHASE_STRIP = NO;
				DEBUG_INFORMATION_FORMAT = dwarf;
				ENABLE_STRICT_OBJC_MSGSEND = YES;
				ENABLE_TESTABILITY = YES;
				GCC_C_LANGUAGE_STANDARD = gnu99;
				GCC_DYNAMIC_NO_PIC = NO;
				GCC_NO_COMMON_BLOCKS = YES;
				GCC_OPTIMIZATION_LEVEL = 0;
				GCC_PREPROCESSOR_DEFINITIONS = (
					"DEBUG=1",
					"$(inherited)",
				);
				GCC_WARN_64_TO_32_BIT_CONVERSION = YES;
				GCC_WARN_ABOUT_RETURN_TYPE = YES_ERROR;
				GCC_WARN_UNDECLARED_SELECTOR = YES;
				GCC_WARN_UNINITIALIZED_AUTOS = YES_AGGRESSIVE;
				GCC_WARN_UNUSED_FUNCTION = YES;
				GCC_WARN_UNUSED_VARIABLE = YES;
				MACOSX_DEPLOYMENT_TARGET = 10.12;
				MTL_ENABLE_DEBUG_INFO = YES;
				ONLY_ACTIVE_ARCH = YES;
				SDKROOT = macosx;
			};
			name = Debug;
		};
		44BED94D2062D64F00D9585F /* Release */ = {
			isa = XCBuildConfiguration;
			buildSettings = {
				ALWAYS_SEARCH_USER_PATHS = NO;
				CLANG_ANALYZER_NONNULL = YES;
				CLANG_ANALYZER_NUMBER_OBJECT_CONVERSION = YES_AGGRESSIVE;
				CLANG_CXX_LANGUAGE_STANDARD = "gnu++0x";
				CLANG_CXX_LIBRARY = "libc++";
				CLANG_ENABLE_MODULES = YES;
				CLANG_ENABLE_OBJC_ARC = YES;
				CLANG_WARN_BOOL_CONVERSION = YES;
				CLANG_WARN_CONSTANT_CONVERSION = YES;
				CLANG_WARN_DIRECT_OBJC_ISA_USAGE = YES_ERROR;
				CLANG_WARN_DOCUMENTATION_COMMENTS = YES;
				CLANG_WARN_EMPTY_BODY = YES;
				CLANG_WARN_ENUM_CONVERSION = YES;
				CLANG_WARN_INFINITE_RECURSION = YES;
				CLANG_WARN_INT_CONVERSION = YES;
				CLANG_WARN_OBJC_ROOT_CLASS = YES_ERROR;
				CLANG_WARN_SUSPICIOUS_MOVE = YES;
				CLANG_WARN_UNREACHABLE_CODE = YES;
				CLANG_WARN__DUPLICATE_METHOD_MATCH = YES;
				CODE_SIGN_IDENTITY = "-";
				COPY_PHASE_STRIP = NO;
				DEBUG_INFORMATION_FORMAT = "dwarf-with-dsym";
				ENABLE_NS_ASSERTIONS = NO;
				ENABLE_STRICT_OBJC_MSGSEND = YES;
				GCC_C_LANGUAGE_STANDARD = gnu99;
				GCC_NO_COMMON_BLOCKS = YES;
				GCC_WARN_64_TO_32_BIT_CONVERSION = YES;
				GCC_WARN_ABOUT_RETURN_TYPE = YES_ERROR;
				GCC_WARN_UNDECLARED_SELECTOR = YES;
				GCC_WARN_UNINITIALIZED_AUTOS = YES_AGGRESSIVE;
				GCC_WARN_UNUSED_FUNCTION = YES;
				GCC_WARN_UNUSED_VARIABLE = YES;
				MACOSX_DEPLOYMENT_TARGET = 10.12;
				MTL_ENABLE_DEBUG_INFO = NO;
				SDKROOT = macosx;
			};
			name = Release;
		};
		44BED94F2062D64F00D9585F /* Debug */ = {
			isa = XCBuildConfiguration;
			buildSettings = {
				DEVELOPMENT_TEAM = 2ZJEB92A4V;
				FRAMEWORK_SEARCH_PATHS = (
					"$(inherited)",
					"$(LOCAL_LIBRARY_DIR)/Frameworks",
				);
				PRODUCT_NAME = "$(TARGET_NAME)";
			};
			name = Debug;
		};
		44BED9502062D64F00D9585F /* Release */ = {
			isa = XCBuildConfiguration;
			buildSettings = {
				DEVELOPMENT_TEAM = 2ZJEB92A4V;
				FRAMEWORK_SEARCH_PATHS = (
					"$(inherited)",
					"$(LOCAL_LIBRARY_DIR)/Frameworks",
				);
				PRODUCT_NAME = "$(TARGET_NAME)";
			};
			name = Release;
		};
/* End XCBuildConfiguration section */

/* Begin XCConfigurationList section */
		44BED9422062D64F00D9585F /* Build configuration list for PBXProject "Soccer Snap" */ = {
			isa = XCConfigurationList;
			buildConfigurations = (
				44BED94C2062D64F00D9585F /* Debug */,
				44BED94D2062D64F00D9585F /* Release */,
			);
			defaultConfigurationIsVisible = 0;
			defaultConfigurationName = Release;
		};
		44BED94E2062D64F00D9585F /* Build configuration list for PBXNativeTarget "Soccer Snap" */ = {
			isa = XCConfigurationList;
			buildConfigurations = (
				44BED94F2062D64F00D9585F /* Debug */,
				44BED9502062D64F00D9585F /* Release */,
			);
			defaultConfigurationIsVisible = 0;
			defaultConfigurationName = Release;
		};
/* End XCConfigurationList section */
	};
	rootObject = 44BED93F2062D64F00D9585F /* Project object */;
}
